
Microsoft Visual Studio Solution File, Format Version 12.00
# Visual Studio 15
Project("{FAE04EC0-301F-11D3-BF4B-00C04F79EFBC}") = "birds", "birds.csproj", "{28ABC116-AAFD-4FB7-9DE8-6A05B1E09EB8}"
EndProject
Global
	GlobalSection(SolutionConfigurationPlatforms) = preSolution
		Debug|Any CPU = Debug|Any CPU
		Release|Any CPU = Release|Any CPU
	EndGlobalSection
	GlobalSection(ProjectConfigurationPlatforms) = postSolution
		{28ABC116-AAFD-4FB7-9DE8-6A05B1E09EB8}.Debug|Any CPU.ActiveCfg = Debug|Any CPU
		{28ABC116-AAFD-4FB7-9DE8-6A05B1E09EB8}.Debug|Any CPU.Build.0 = Debug|Any CPU
		{28ABC116-AAFD-4FB7-9DE8-6A05B1E09EB8}.Release|Any CPU.ActiveCfg = Release|Any CPU
		{28ABC116-AAFD-4FB7-9DE8-6A05B1E09EB8}.Release|Any CPU.Build.0 = Release|Any CPU
	EndGlobalSection
EndGlobal
